// !$*UTF8*$!
{
	archiveVersion = 1;
	classes = {
	};
	objectVersion = 56;
	objects = {

/* Begin PBXBuildFile section */
		95A7FF11297A2E5D003F660E /* TicTacToeApp.swift in Sources */ = {isa = PBXBuildFile; fileRef = 95A7FF10297A2E5D003F660E /* TicTacToeApp.swift */; };
		95A7FF13297A2E5D003F660E /* GameView.swift in Sources */ = {isa = PBXBuildFile; fileRef = 95A7FF12297A2E5D003F660E /* GameView.swift */; };
		95A7FF15297A2E67003F660E /* Assets.xcassets in Resources */ = {isa = PBXBuildFile; fileRef = 95A7FF14297A2E67003F660E /* Assets.xcassets */; };
		95A7FF18297A2E67003F660E /* Preview Assets.xcassets in Resources */ = {isa = PBXBuildFile; fileRef = 95A7FF17297A2E67003F660E /* Preview Assets.xcassets */; };
		95A7FF1F297A3F86003F660E /* Alerts.swift in Sources */ = {isa = PBXBuildFile; fileRef = 95A7FF1E297A3F86003F660E /* Alerts.swift */; };
		95A7FF21297A4812003F660E /* GameViewModel.swift in Sources */ = {isa = PBXBuildFile; fileRef = 95A7FF20297A4812003F660E /* GameViewModel.swift */; };
		95A7FF26297A4C01003F660E /* PlayerIndicator.swift in Sources */ = {isa = PBXBuildFile; fileRef = 95A7FF25297A4C01003F660E /* PlayerIndicator.swift */; };
		95A7FF28297A4C37003F660E /* GameSquareView.swift in Sources */ = {isa = PBXBuildFile; fileRef = 95A7FF27297A4C37003F660E /* GameSquareView.swift */; };
		95C1010C297B293B00690F64 /* GridView.swift in Sources */ = {isa = PBXBuildFile; fileRef = 95C1010B297B293B00690F64 /* GridView.swift */; };
		95C1010E297B29B500690F64 /* WelcomeView.swift in Sources */ = {isa = PBXBuildFile; fileRef = 95C1010D297B29B500690F64 /* WelcomeView.swift */; };
/* End PBXBuildFile section */

/* Begin PBXFileReference section */
		95A7FF0D297A2E5D003F660E /* TicTacToe.app */ = {isa = PBXFileReference; explicitFileType = wrapper.application; includeInIndex = 0; path = TicTacToe.app; sourceTree = BUILT_PRODUCTS_DIR; };
		95A7FF10297A2E5D003F660E /* TicTacToeApp.swift */ = {isa = PBXFileReference; lastKnownFileType = sourcecode.swift; path = TicTacToeApp.swift; sourceTree = "<group>"; };
		95A7FF12297A2E5D003F660E /* GameView.swift */ = {isa = PBXFileReference; lastKnownFileType = sourcecode.swift; path = GameView.swift; sourceTree = "<group>"; };
		95A7FF14297A2E67003F660E /* Assets.xcassets */ = {isa = PBXFileReference; lastKnownFileType = folder.assetcatalog; path = Assets.xcassets; sourceTree = "<group>"; };
		95A7FF17297A2E67003F660E /* Preview Assets.xcassets */ = {isa = PBXFileReference; lastKnownFileType = folder.assetcatalog; path = "Preview Assets.xcassets"; sourceTree = "<group>"; };
		95A7FF1E297A3F86003F660E /* Alerts.swift */ = {isa = PBXFileReference; lastKnownFileType = sourcecode.swift; path = Alerts.swift; sourceTree = "<group>"; };
		95A7FF20297A4812003F660E /* GameViewModel.swift */ = {isa = PBXFileReference; lastKnownFileType = sourcecode.swift; path = GameViewModel.swift; sourceTree = "<group>"; };
		95A7FF25297A4C01003F660E /* PlayerIndicator.swift */ = {isa = PBXFileReference; lastKnownFileType = sourcecode.swift; path = PlayerIndicator.swift; sourceTree = "<group>"; };
		95A7FF27297A4C37003F660E /* GameSquareView.swift */ = {isa = PBXFileReference; lastKnownFileType = sourcecode.swift; path = GameSquareView.swift; sourceTree = "<group>"; };
		95C1010B297B293B00690F64 /* GridView.swift */ = {isa = PBXFileReference; lastKnownFileType = sourcecode.swift; path = GridView.swift; sourceTree = "<group>"; };
		95C1010D297B29B500690F64 /* WelcomeView.swift */ = {isa = PBXFileReference; lastKnownFileType = sourcecode.swift; path = WelcomeView.swift; sourceTree = "<group>"; };
/* End PBXFileReference section */

/* Begin PBXFrameworksBuildPhase section */
		95A7FF0A297A2E5D003F660E /* Frameworks */ = {
			isa = PBXFrameworksBuildPhase;
			buildActionMask = 2147483647;
			files = (
			);
			runOnlyForDeploymentPostprocessing = 0;
		};
/* End PBXFrameworksBuildPhase section */

/* Begin PBXGroup section */
		95A7FF04297A2E5C003F660E = {
			isa = PBXGroup;
			children = (
				95A7FF0F297A2E5D003F660E /* TicTacToe */,
				95A7FF0E297A2E5D003F660E /* Products */,
			);
			sourceTree = "<group>";
		};
		95A7FF0E297A2E5D003F660E /* Products */ = {
			isa = PBXGroup;
			children = (
				95A7FF0D297A2E5D003F660E /* TicTacToe.app */,
			);
			name = Products;
			sourceTree = "<group>";
		};
		95A7FF0F297A2E5D003F660E /* TicTacToe */ = {
			isa = PBXGroup;
			children = (
				95A7FF10297A2E5D003F660E /* TicTacToeApp.swift */,
				95A7FF22297A4BA9003F660E /* Model */,
				95A7FF23297A4BB1003F660E /* Views */,
				95A7FF24297A4BC2003F660E /* ViewModels */,
				95A7FF14297A2E67003F660E /* Assets.xcassets */,
				95A7FF16297A2E67003F660E /* Preview Content */,
			);
			path = TicTacToe;
			sourceTree = "<group>";
		};
		95A7FF16297A2E67003F660E /* Preview Content */ = {
			isa = PBXGroup;
			children = (
				95A7FF17297A2E67003F660E /* Preview Assets.xcassets */,
			);
			path = "Preview Content";
			sourceTree = "<group>";
		};
		95A7FF22297A4BA9003F660E /* Model */ = {
			isa = PBXGroup;
			children = (
				95A7FF1E297A3F86003F660E /* Alerts.swift */,
			);
			path = Model;
			sourceTree = "<group>";
		};
		95A7FF23297A4BB1003F660E /* Views */ = {
			isa = PBXGroup;
			children = (
				95A7FF12297A2E5D003F660E /* GameView.swift */,
				95C1010D297B29B500690F64 /* WelcomeView.swift */,
				95A7FF27297A4C37003F660E /* GameSquareView.swift */,
				95A7FF25297A4C01003F660E /* PlayerIndicator.swift */,
				95C1010B297B293B00690F64 /* GridView.swift */,
			);
			path = Views;
			sourceTree = "<group>";
		};
		95A7FF24297A4BC2003F660E /* ViewModels */ = {
			isa = PBXGroup;
			children = (
				95A7FF20297A4812003F660E /* GameViewModel.swift */,
			);
			path = ViewModels;
			sourceTree = "<group>";
		};
/* End PBXGroup section */

/* Begin PBXNativeTarget section */
		95A7FF0C297A2E5D003F660E /* TicTacToe */ = {
			isa = PBXNativeTarget;
			buildConfigurationList = 95A7FF1B297A2E67003F660E /* Build configuration list for PBXNativeTarget "TicTacToe" */;
			buildPhases = (
				95A7FF09297A2E5D003F660E /* Sources */,
				95A7FF0A297A2E5D003F660E /* Frameworks */,
				95A7FF0B297A2E5D003F660E /* Resources */,
			);
			buildRules = (
			);
			dependencies = (
			);
			name = TicTacToe;
			productName = TicTacToe;
			productReference = 95A7FF0D297A2E5D003F660E /* TicTacToe.app */;
			productType = "com.apple.product-type.application";
		};
/* End PBXNativeTarget section */

/* Begin PBXProject section */
		95A7FF05297A2E5C003F660E /* Project object */ = {
			isa = PBXProject;
			attributes = {
				BuildIndependentTargetsInParallel = 1;
				LastSwiftUpdateCheck = 1420;
				LastUpgradeCheck = 1420;
				TargetAttributes = {
					95A7FF0C297A2E5D003F660E = {
						CreatedOnToolsVersion = 14.2;
					};
				};
			};
			buildConfigurationList = 95A7FF08297A2E5C003F660E /* Build configuration list for PBXProject "TicTacToe" */;
			compatibilityVersion = "Xcode 14.0";
			developmentRegion = en;
			hasScannedForEncodings = 0;
			knownRegions = (
				en,
				Base,
			);
			mainGroup = 95A7FF04297A2E5C003F660E;
			productRefGroup = 95A7FF0E297A2E5D003F660E /* Products */;
			projectDirPath = "";
			projectRoot = "";
			targets = (
				95A7FF0C297A2E5D003F660E /* TicTacToe */,
			);
		};
/* End PBXProject section */

/* Begin PBXResourcesBuildPhase section */
		95A7FF0B297A2E5D003F660E /* Resources */ = {
			isa = PBXResourcesBuildPhase;
			buildActionMask = 2147483647;
			files = (
				95A7FF18297A2E67003F660E /* Preview Assets.xcassets in Resources */,
				95A7FF15297A2E67003F660E /* Assets.xcassets in Resources */,
			);
			runOnlyForDeploymentPostprocessing = 0;
		};
/* End PBXResourcesBuildPhase section */

/* Begin PBXSourcesBuildPhase section */
		95A7FF09297A2E5D003F660E /* Sources */ = {
			isa = PBXSourcesBuildPhase;
			buildActionMask = 2147483647;
			files = (
				95A7FF26297A4C01003F660E /* PlayerIndicator.swift in Sources */,
				95C1010C297B293B00690F64 /* GridView.swift in Sources */,
				95A7FF21297A4812003F660E /* GameViewModel.swift in Sources */,
				95C1010E297B29B500690F64 /* WelcomeView.swift in Sources */,
				95A7FF13297A2E5D003F660E /* GameView.swift in Sources */,
				95A7FF28297A4C37003F660E /* GameSquareView.swift in Sources */,
				95A7FF1F297A3F86003F660E /* Alerts.swift in Sources */,
				95A7FF11297A2E5D003F660E /* TicTacToeApp.swift in Sources */,
			);
			runOnlyForDeploymentPostprocessing = 0;
		};
/* End PBXSourcesBuildPhase section */

/* Begin XCBuildConfiguration section */
		95A7FF19297A2E67003F660E /* Debug */ = {
			isa = XCBuildConfiguration;
			buildSettings = {
				ALWAYS_SEARCH_USER_PATHS = NO;
				CLANG_ANALYZER_NONNULL = YES;
				CLANG_ANALYZER_NUMBER_OBJECT_CONVERSION = YES_AGGRESSIVE;
				CLANG_CXX_LANGUAGE_STANDARD = "gnu++20";
				CLANG_ENABLE_MODULES = YES;
				CLANG_ENABLE_OBJC_ARC = YES;
				CLANG_ENABLE_OBJC_WEAK = YES;
				CLANG_WARN_BLOCK_CAPTURE_AUTORELEASING = YES;
				CLANG_WARN_BOOL_CONVERSION = YES;
				CLANG_WARN_COMMA = YES;
				CLANG_WARN_CONSTANT_CONVERSION = YES;
				CLANG_WARN_DEPRECATED_OBJC_IMPLEMENTATIONS = YES;
				CLANG_WARN_DIRECT_OBJC_ISA_USAGE = YES_ERROR;
				CLANG_WARN_DOCUMENTATION_COMMENTS = YES;
				CLANG_WARN_EMPTY_BODY = YES;
				CLANG_WARN_ENUM_CONVERSION = YES;
				CLANG_WARN_INFINITE_RECURSION = YES;
				CLANG_WARN_INT_CONVERSION = YES;
				CLANG_WARN_NON_LITERAL_NULL_CONVERSION = YES;
				CLANG_WARN_OBJC_IMPLICIT_RETAIN_SELF = YES;
				CLANG_WARN_OBJC_LITERAL_CONVERSION = YES;
				CLANG_WARN_OBJC_ROOT_CLASS = YES_ERROR;
				CLANG_WARN_QUOTED_INCLUDE_IN_FRAMEWORK_HEADER = YES;
				CLANG_WARN_RANGE_LOOP_ANALYSIS = YES;
				CLANG_WARN_STRICT_PROTOTYPES = YES;
				CLANG_WARN_SUSPICIOUS_MOVE = YES;
				CLANG_WARN_UNGUARDED_AVAILABILITY = YES_AGGRESSIVE;
				CLANG_WARN_UNREACHABLE_CODE = YES;
				CLANG_WARN__DUPLICATE_METHOD_MATCH = YES;
				COPY_PHASE_STRIP = NO;
				DEBUG_INFORMATION_FORMAT = dwarf;
				ENABLE_STRICT_OBJC_MSGSEND = YES;
				ENABLE_TESTABILITY = YES;
				GCC_C_LANGUAGE_STANDARD = gnu11;
				GCC_DYNAMIC_NO_PIC = NO;
				GCC_NO_COMMON_BLOCKS = YES;
				GCC_OPTIMIZATION_LEVEL = 0;
				GCC_PREPROCESSOR_DEFINITIONS = (
					"DEBUG=1",
					"$(inherited)",
				);
				GCC_WARN_64_TO_32_BIT_CONVERSION = YES;
				GCC_WARN_ABOUT_RETURN_TYPE = YES_ERROR;
				GCC_WARN_UNDECLARED_SELECTOR = YES;
				GCC_WARN_UNINITIALIZED_AUTOS = YES_AGGRESSIVE;
				GCC_WARN_UNUSED_FUNCTION = YES;
				GCC_WARN_UNUSED_VARIABLE = YES;
				IPHONEOS_DEPLOYMENT_TARGET = 16.2;
				MTL_ENABLE_DEBUG_INFO = INCLUDE_SOURCE;
				MTL_FAST_MATH = YES;
				ONLY_ACTIVE_ARCH = YES;
				SDKROOT = iphoneos;
				SWIFT_ACTIVE_COMPILATION_CONDITIONS = DEBUG;
				SWIFT_OPTIMIZATION_LEVEL = "-Onone";
			};
			name = Debug;
		};
		95A7FF1A297A2E67003F660E /* Release */ = {
			isa = XCBuildConfiguration;
			buildSettings = {
				ALWAYS_SEARCH_USER_PATHS = NO;
				CLANG_ANALYZER_NONNULL = YES;
				CLANG_ANALYZER_NUMBER_OBJECT_CONVERSION = YES_AGGRESSIVE;
				CLANG_CXX_LANGUAGE_STANDARD = "gnu++20";
				CLANG_ENABLE_MODULES = YES;
				CLANG_ENABLE_OBJC_ARC = YES;
				CLANG_ENABLE_OBJC_WEAK = YES;
				CLANG_WARN_BLOCK_CAPTURE_AUTORELEASING = YES;
				CLANG_WARN_BOOL_CONVERSION = YES;
				CLANG_WARN_COMMA = YES;
				CLANG_WARN_CONSTANT_CONVERSION = YES;
				CLANG_WARN_DEPRECATED_OBJC_IMPLEMENTATIONS = YES;
				CLANG_WARN_DIRECT_OBJC_ISA_USAGE = YES_ERROR;
				CLANG_WARN_DOCUMENTATION_COMMENTS = YES;
				CLANG_WARN_EMPTY_BODY = YES;
				CLANG_WARN_ENUM_CONVERSION = YES;
				CLANG_WARN_INFINITE_RECURSION = YES;
				CLANG_WARN_INT_CONVERSION = YES;
				CLANG_WARN_NON_LITERAL_NULL_CONVERSION = YES;
				CLANG_WARN_OBJC_IMPLICIT_RETAIN_SELF = YES;
				CLANG_WARN_OBJC_LITERAL_CONVERSION = YES;
				CLANG_WARN_OBJC_ROOT_CLASS = YES_ERROR;
				CLANG_WARN_QUOTED_INCLUDE_IN_FRAMEWORK_HEADER = YES;
				CLANG_WARN_RANGE_LOOP_ANALYSIS = YES;
				CLANG_WARN_STRICT_PROTOTYPES = YES;
				CLANG_WARN_SUSPICIOUS_MOVE = YES;
				CLANG_WARN_UNGUARDED_AVAILABILITY = YES_AGGRESSIVE;
				CLANG_WARN_UNREACHABLE_CODE = YES;
				CLANG_WARN__DUPLICATE_METHOD_MATCH = YES;
				COPY_PHASE_STRIP = NO;
				DEBUG_INFORMATION_FORMAT = "dwarf-with-dsym";
				ENABLE_NS_ASSERTIONS = NO;
				ENABLE_STRICT_OBJC_MSGSEND = YES;
				GCC_C_LANGUAGE_STANDARD = gnu11;
				GCC_NO_COMMON_BLOCKS = YES;
				GCC_WARN_64_TO_32_BIT_CONVERSION = YES;
				GCC_WARN_ABOUT_RETURN_TYPE = YES_ERROR;
				GCC_WARN_UNDECLARED_SELECTOR = YES;
				GCC_WARN_UNINITIALIZED_AUTOS = YES_AGGRESSIVE;
				GCC_WARN_UNUSED_FUNCTION = YES;
				GCC_WARN_UNUSED_VARIABLE = YES;
				IPHONEOS_DEPLOYMENT_TARGET = 16.2;
				MTL_ENABLE_DEBUG_INFO = NO;
				MTL_FAST_MATH = YES;
				SDKROOT = iphoneos;
				SWIFT_COMPILATION_MODE = wholemodule;
				SWIFT_OPTIMIZATION_LEVEL = "-O";
				VALIDATE_PRODUCT = YES;
			};
			name = Release;
		};
		95A7FF1C297A2E67003F660E /* Debug */ = {
			isa = XCBuildConfiguration;
			buildSettings = {
				ASSETCATALOG_COMPILER_APPICON_NAME = AppIcon;
				ASSETCATALOG_COMPILER_GLOBAL_ACCENT_COLOR_NAME = AccentColor;
				CODE_SIGN_IDENTITY = "Apple Development";
				CODE_SIGN_STYLE = Automatic;
				CURRENT_PROJECT_VERSION = 1;
				DEVELOPMENT_ASSET_PATHS = "\"TicTacToe/Preview Content\"";
				DEVELOPMENT_TEAM = 524DF87Y63;
				ENABLE_PREVIEWS = YES;
				GENERATE_INFOPLIST_FILE = YES;
				INFOPLIST_KEY_UIApplicationSceneManifest_Generation = YES;
				INFOPLIST_KEY_UIApplicationSupportsIndirectInputEvents = YES;
				INFOPLIST_KEY_UILaunchScreen_Generation = YES;
				INFOPLIST_KEY_UISupportedInterfaceOrientations_iPad = "UIInterfaceOrientationPortrait UIInterfaceOrientationPortraitUpsideDown UIInterfaceOrientationLandscapeLeft UIInterfaceOrientationLandscapeRight";
				INFOPLIST_KEY_UISupportedInterfaceOrientations_iPhone = "UIInterfaceOrientationPortrait UIInterfaceOrientationLandscapeLeft UIInterfaceOrientationLandscapeRight";
				IPHONEOS_DEPLOYMENT_TARGET = 16.0;
				LD_RUNPATH_SEARCH_PATHS = (
					"$(inherited)",
					"@executable_path/Frameworks",
				);
				MARKETING_VERSION = 1.0;
				PRODUCT_BUNDLE_IDENTIFIER = com.berbergames.MaxWidth;
				PRODUCT_NAME = "$(TARGET_NAME)";
				PROVISIONING_PROFILE_SPECIFIER = "";
				SWIFT_EMIT_LOC_STRINGS = YES;
				SWIFT_VERSION = 5.0;
				TARGETED_DEVICE_FAMILY = "1,2";
			};
			name = Debug;
		};
		95A7FF1D297A2E67003F660E /* Release */ = {
			isa = XCBuildConfiguration;
			buildSettings = {
				ASSETCATALOG_COMPILER_APPICON_NAME = AppIcon;
				ASSETCATALOG_COMPILER_GLOBAL_ACCENT_COLOR_NAME = AccentColor;
				CODE_SIGN_IDENTITY = "Apple Development";
				CODE_SIGN_STYLE = Automatic;
				CURRENT_PROJECT_VERSION = 1;
				DEVELOPMENT_ASSET_PATHS = "\"TicTacToe/Preview Content\"";
				DEVELOPMENT_TEAM = 524DF87Y63;
				ENABLE_PREVIEWS = YES;
				GENERATE_INFOPLIST_FILE = YES;
				INFOPLIST_KEY_UIApplicationSceneManifest_Generation = YES;
				INFOPLIST_KEY_UIApplicationSupportsIndirectInputEvents = YES;
				INFOPLIST_KEY_UILaunchScreen_Generation = YES;
				INFOPLIST_KEY_UISupportedInterfaceOrientations_iPad = "UIInterfaceOrientationPortrait UIInterfaceOrientationPortraitUpsideDown UIInterfaceOrientationLandscapeLeft UIInterfaceOrientationLandscapeRight";
				INFOPLIST_KEY_UISupportedInterfaceOrientations_iPhone = "UIInterfaceOrientationPortrait UIInterfaceOrientationLandscapeLeft UIInterfaceOrientationLandscapeRight";
				IPHONEOS_DEPLOYMENT_TARGET = 16.0;
				LD_RUNPATH_SEARCH_PATHS = (
					"$(inherited)",
					"@executable_path/Frameworks",
				);
				MARKETING_VERSION = 1.0;
				PRODUCT_BUNDLE_IDENTIFIER = com.berbergames.MaxWidth;
				PRODUCT_NAME = "$(TARGET_NAME)";
				PROVISIONING_PROFILE_SPECIFIER = "";
				SWIFT_EMIT_LOC_STRINGS = YES;
				SWIFT_VERSION = 5.0;
				TARGETED_DEVICE_FAMILY = "1,2";
			};
			name = Release;
		};
/* End XCBuildConfiguration section */

/* Begin XCConfigurationList section */
		95A7FF08297A2E5C003F660E /* Build configuration list for PBXProject "TicTacToe" */ = {
			isa = XCConfigurationList;
			buildConfigurations = (
				95A7FF19297A2E67003F660E /* Debug */,
				95A7FF1A297A2E67003F660E /* Release */,
			);
			defaultConfigurationIsVisible = 0;
			defaultConfigurationName = Release;
		};
		95A7FF1B297A2E67003F660E /* Build configuration list for PBXNativeTarget "TicTacToe" */ = {
			isa = XCConfigurationList;
			buildConfigurations = (
				95A7FF1C297A2E67003F660E /* Debug */,
				95A7FF1D297A2E67003F660E /* Release */,
			);
			defaultConfigurationIsVisible = 0;
			defaultConfigurationName = Release;
		};
/* End XCConfigurationList section */
	};
	rootObject = 95A7FF05297A2E5C003F660E /* Project object */;
}
